
Microsoft Visual Studio Solution File, Format Version 12.00
# Visual Studio Version 17
VisualStudioVersion = 17.4.33110.190
MinimumVisualStudioVersion = 10.0.40219.1
Project("{9A19103F-16F7-4668-BE54-9A1E7A4F7556}") = "Variables", "Variables\Variables.csproj", "{0398FCFC-8570-43DF-9BC0-22C2E8EC4CD7}"
EndProject
Project("{9A19103F-16F7-4668-BE54-9A1E7A4F7556}") = "Operators", "Operators\Operators.csproj", "{4B3BB304-080C-4045-82DF-23B8FDE7E339}"
EndProject
Project("{9A19103F-16F7-4668-BE54-9A1E7A4F7556}") = "Methods", "Methods\Methods.csproj", "{5BC4177F-F551-4FE1-8EA0-64C755C9BDC4}"
EndProject
Project("{9A19103F-16F7-4668-BE54-9A1E7A4F7556}") = "Structure", "Structure\Structure.csproj", "{14AD73F5-E68A-4665-AE3B-8A1E3D2D0A78}"
EndProject
Project("{9A19103F-16F7-4668-BE54-9A1E7A4F7556}") = "ClassObjectInstance", "ClassObjectInstance\ClassObjectInstance.csproj", "{710A5EA4-FF8B-44D8-BE85-6ACDEB1BAF34}"
EndProject
Project("{9A19103F-16F7-4668-BE54-9A1E7A4F7556}") = "Statement_if", "Statement_if\Statement_if.csproj", "{2B1BB171-3AE3-43E5-8AE1-E83A43E1677C}"
EndProject
Project("{9A19103F-16F7-4668-BE54-9A1E7A4F7556}") = "Statement_SwitchAndEnum", "Statement_SwitchAndEnum\Statement_SwitchAndEnum.csproj", "{D89AE61A-8504-4E01-8CA8-C7F773D4E66F}"
EndProject
Project("{9A19103F-16F7-4668-BE54-9A1E7A4F7556}") = "Statement_Loops", "Statement_Loops\Statement_Loops.csproj", "{C805BAAB-C192-47A5-B620-8C59C10ECE96}"
EndProject
Project("{9A19103F-16F7-4668-BE54-9A1E7A4F7556}") = "Array1D", "Array1D\Array1D.csproj", "{CA9AAC85-10A6-4251-8053-38042F3C38AF}"
EndProject
Project("{9A19103F-16F7-4668-BE54-9A1E7A4F7556}") = "HorseRacing", "HorseRacing\HorseRacing.csproj", "{A194B381-8344-47FE-B66E-93A4B804AC2D}"
EndProject
Project("{9A19103F-16F7-4668-BE54-9A1E7A4F7556}") = "Array2D", "Array2D\Array2D.csproj", "{996F94B0-1B64-4471-899B-536FD0FE40A2}"
EndProject
Project("{9A19103F-16F7-4668-BE54-9A1E7A4F7556}") = "Inheritance", "Inheritence\Inheritance.csproj", "{DD03DF98-1DAE-4C22-9C23-CBCDB9B44A25}"
EndProject
Project("{FAE04EC0-301F-11D3-BF4B-00C04F79EFBC}") = "Collections", "MyDynamicArray\Collections.csproj", "{9584AE5B-DEF1-433F-A059-5EF69BB7C5EE}"
EndProject
Global
	GlobalSection(SolutionConfigurationPlatforms) = preSolution
		Debug|Any CPU = Debug|Any CPU
		Release|Any CPU = Release|Any CPU
	EndGlobalSection
	GlobalSection(ProjectConfigurationPlatforms) = postSolution
		{0398FCFC-8570-43DF-9BC0-22C2E8EC4CD7}.Debug|Any CPU.ActiveCfg = Debug|Any CPU
		{0398FCFC-8570-43DF-9BC0-22C2E8EC4CD7}.Debug|Any CPU.Build.0 = Debug|Any CPU
		{0398FCFC-8570-43DF-9BC0-22C2E8EC4CD7}.Release|Any CPU.ActiveCfg = Release|Any CPU
		{0398FCFC-8570-43DF-9BC0-22C2E8EC4CD7}.Release|Any CPU.Build.0 = Release|Any CPU
		{4B3BB304-080C-4045-82DF-23B8FDE7E339}.Debug|Any CPU.ActiveCfg = Debug|Any CPU
		{4B3BB304-080C-4045-82DF-23B8FDE7E339}.Debug|Any CPU.Build.0 = Debug|Any CPU
		{4B3BB304-080C-4045-82DF-23B8FDE7E339}.Release|Any CPU.ActiveCfg = Release|Any CPU
		{4B3BB304-080C-4045-82DF-23B8FDE7E339}.Release|Any CPU.Build.0 = Release|Any CPU
		{5BC4177F-F551-4FE1-8EA0-64C755C9BDC4}.Debug|Any CPU.ActiveCfg = Debug|Any CPU
		{5BC4177F-F551-4FE1-8EA0-64C755C9BDC4}.Debug|Any CPU.Build.0 = Debug|Any CPU
		{5BC4177F-F551-4FE1-8EA0-64C755C9BDC4}.Release|Any CPU.ActiveCfg = Release|Any CPU
		{5BC4177F-F551-4FE1-8EA0-64C755C9BDC4}.Release|Any CPU.Build.0 = Release|Any CPU
		{14AD73F5-E68A-4665-AE3B-8A1E3D2D0A78}.Debug|Any CPU.ActiveCfg = Debug|Any CPU
		{14AD73F5-E68A-4665-AE3B-8A1E3D2D0A78}.Debug|Any CPU.Build.0 = Debug|Any CPU
		{14AD73F5-E68A-4665-AE3B-8A1E3D2D0A78}.Release|Any CPU.ActiveCfg = Release|Any CPU
		{14AD73F5-E68A-4665-AE3B-8A1E3D2D0A78}.Release|Any CPU.Build.0 = Release|Any CPU
		{710A5EA4-FF8B-44D8-BE85-6ACDEB1BAF34}.Debug|Any CPU.ActiveCfg = Debug|Any CPU
		{710A5EA4-FF8B-44D8-BE85-6ACDEB1BAF34}.Debug|Any CPU.Build.0 = Debug|Any CPU
		{710A5EA4-FF8B-44D8-BE85-6ACDEB1BAF34}.Release|Any CPU.ActiveCfg = Release|Any CPU
		{710A5EA4-FF8B-44D8-BE85-6ACDEB1BAF34}.Release|Any CPU.Build.0 = Release|Any CPU
		{2B1BB171-3AE3-43E5-8AE1-E83A43E1677C}.Debug|Any CPU.ActiveCfg = Debug|Any CPU
		{2B1BB171-3AE3-43E5-8AE1-E83A43E1677C}.Debug|Any CPU.Build.0 = Debug|Any CPU
		{2B1BB171-3AE3-43E5-8AE1-E83A43E1677C}.Release|Any CPU.ActiveCfg = Release|Any CPU
		{2B1BB171-3AE3-43E5-8AE1-E83A43E1677C}.Release|Any CPU.Build.0 = Release|Any CPU
		{D89AE61A-8504-4E01-8CA8-C7F773D4E66F}.Debug|Any CPU.ActiveCfg = Debug|Any CPU
		{D89AE61A-8504-4E01-8CA8-C7F773D4E66F}.Debug|Any CPU.Build.0 = Debug|Any CPU
		{D89AE61A-8504-4E01-8CA8-C7F773D4E66F}.Release|Any CPU.ActiveCfg = Release|Any CPU
		{D89AE61A-8504-4E01-8CA8-C7F773D4E66F}.Release|Any CPU.Build.0 = Release|Any CPU
		{C805BAAB-C192-47A5-B620-8C59C10ECE96}.Debug|Any CPU.ActiveCfg = Debug|Any CPU
		{C805BAAB-C192-47A5-B620-8C59C10ECE96}.Debug|Any CPU.Build.0 = Debug|Any CPU
		{C805BAAB-C192-47A5-B620-8C59C10ECE96}.Release|Any CPU.ActiveCfg = Release|Any CPU
		{C805BAAB-C192-47A5-B620-8C59C10ECE96}.Release|Any CPU.Build.0 = Release|Any CPU
		{CA9AAC85-10A6-4251-8053-38042F3C38AF}.Debug|Any CPU.ActiveCfg = Debug|Any CPU
		{CA9AAC85-10A6-4251-8053-38042F3C38AF}.Debug|Any CPU.Build.0 = Debug|Any CPU
		{CA9AAC85-10A6-4251-8053-38042F3C38AF}.Release|Any CPU.ActiveCfg = Release|Any CPU
		{CA9AAC85-10A6-4251-8053-38042F3C38AF}.Release|Any CPU.Build.0 = Release|Any CPU
		{A194B381-8344-47FE-B66E-93A4B804AC2D}.Debug|Any CPU.ActiveCfg = Debug|Any CPU
		{A194B381-8344-47FE-B66E-93A4B804AC2D}.Debug|Any CPU.Build.0 = Debug|Any CPU
		{A194B381-8344-47FE-B66E-93A4B804AC2D}.Release|Any CPU.ActiveCfg = Release|Any CPU
		{A194B381-8344-47FE-B66E-93A4B804AC2D}.Release|Any CPU.Build.0 = Release|Any CPU
		{996F94B0-1B64-4471-899B-536FD0FE40A2}.Debug|Any CPU.ActiveCfg = Debug|Any CPU
		{996F94B0-1B64-4471-899B-536FD0FE40A2}.Debug|Any CPU.Build.0 = Debug|Any CPU
		{996F94B0-1B64-4471-899B-536FD0FE40A2}.Release|Any CPU.ActiveCfg = Release|Any CPU
		{996F94B0-1B64-4471-899B-536FD0FE40A2}.Release|Any CPU.Build.0 = Release|Any CPU
		{DD03DF98-1DAE-4C22-9C23-CBCDB9B44A25}.Debug|Any CPU.ActiveCfg = Debug|Any CPU
		{DD03DF98-1DAE-4C22-9C23-CBCDB9B44A25}.Debug|Any CPU.Build.0 = Debug|Any CPU
		{DD03DF98-1DAE-4C22-9C23-CBCDB9B44A25}.Release|Any CPU.ActiveCfg = Release|Any CPU
		{DD03DF98-1DAE-4C22-9C23-CBCDB9B44A25}.Release|Any CPU.Build.0 = Release|Any CPU
		{9584AE5B-DEF1-433F-A059-5EF69BB7C5EE}.Debug|Any CPU.ActiveCfg = Debug|Any CPU
		{9584AE5B-DEF1-433F-A059-5EF69BB7C5EE}.Debug|Any CPU.Build.0 = Debug|Any CPU
		{9584AE5B-DEF1-433F-A059-5EF69BB7C5EE}.Release|Any CPU.ActiveCfg = Release|Any CPU
		{9584AE5B-DEF1-433F-A059-5EF69BB7C5EE}.Release|Any CPU.Build.0 = Release|Any CPU
	EndGlobalSection
	GlobalSection(SolutionProperties) = preSolution
		HideSolutionNode = FALSE
	EndGlobalSection
	GlobalSection(ExtensibilityGlobals) = postSolution
		SolutionGuid = {7154AD7A-6B6A-4430-8D96-AAF9EDFBFC71}
	EndGlobalSection
EndGlobal
